{
  "name": "Bibtiful",
  "version": "1.0.0",
  "lockfileVersion": 2,
  "requires": true,
  "packages": {
    "": {
      "name": "Bibtiful",
      "version": "0.0.0",
      "license": "MIT",
      "dependencies": {
        "bibtex-parse": "^2.1.0"
      },
      "engines": {
        "atom": ">=1.0.0 <2.0.0"
      }
    },
    "node_modules/bibtex-parse": {
      "version": "2.1.0",
      "resolved": "https://registry.npmjs.org/bibtex-parse/-/bibtex-parse-2.1.0.tgz",
      "integrity": "sha512-Ej1vvnhfEfegd2WAeQ1dWJ/NkS3Cb84zRPeMMCFDcOSvAJFAmhm/sAr2oLpK/KQITlnHk0g6+zBokGvLe9+NaQ=="
    }
  },
  "dependencies": {
    "bibtex-parse": {
      "version": "2.1.0",
      "resolved": "https://registry.npmjs.org/bibtex-parse/-/bibtex-parse-2.1.0.tgz",
      "integrity": "sha512-Ej1vvnhfEfegd2WAeQ1dWJ/NkS3Cb84zRPeMMCFDcOSvAJFAmhm/sAr2oLpK/KQITlnHk0g6+zBokGvLe9+NaQ=="
    }
  }
}
